
Microsoft Visual Studio Solution File, Format Version 12.00
Project("{FAE04EC0-301F-11D3-BF4B-00C04F79EFBC}") = "Eko.Host", "Eko.Host\Eko.Host.csproj", "{0C4CBF5F-8A7D-4F74-B006-3373C98B545E}"
EndProject
Global
	GlobalSection(SolutionConfigurationPlatforms) = preSolution
		Debug|Any CPU = Debug|Any CPU
		Release|Any CPU = Release|Any CPU
	EndGlobalSection
	GlobalSection(ProjectConfigurationPlatforms) = postSolution
		{0C4CBF5F-8A7D-4F74-B006-3373C98B545E}.Debug|Any CPU.ActiveCfg = Debug|Any CPU
		{0C4CBF5F-8A7D-4F74-B006-3373C98B545E}.Debug|Any CPU.Build.0 = Debug|Any CPU
		{0C4CBF5F-8A7D-4F74-B006-3373C98B545E}.Release|Any CPU.ActiveCfg = Release|Any CPU
		{0C4CBF5F-8A7D-4F74-B006-3373C98B545E}.Release|Any CPU.Build.0 = Release|Any CPU
	EndGlobalSection
EndGlobal
